<Solution>
  <Folder Name="/Solution Items/" />
  <Project Path="../../src/UglyToad.PdfPig.DocumentLayoutAnalysis/UglyToad.PdfPig.DocumentLayoutAnalysis.csproj" />
  <Project Path="../../src/UglyToad.PdfPig/UglyToad.PdfPig.csproj" />
  <Project Path="UglyToad.PdfPig.Benchmarks.csproj" />
</Solution>
